// !$*UTF8*$!
{
	archiveVersion = 1;
	classes = {
	};
	objectVersion = 46;
	objects = {

/* Begin PBXBuildFile section */
		0474DC344D77E677CC7AEE49 /* libPods-MoneySaver.a in Frameworks */ = {isa = PBXBuildFile; fileRef = 0FC39D14C939FE7DCC37D7C3 /* libPods-MoneySaver.a */; };
		6A0A539B1BAFB7F2004AD688 /* MSWebDataClient.m in Sources */ = {isa = PBXBuildFile; fileRef = 6A0A539A1BAFB7F2004AD688 /* MSWebDataClient.m */; settings = {ASSET_TAGS = (); }; };
		6A0A53A01BAFB8C8004AD688 /* MSProjectViewModel.m in Sources */ = {isa = PBXBuildFile; fileRef = 6A0A539F1BAFB8C8004AD688 /* MSProjectViewModel.m */; settings = {ASSET_TAGS = (); }; };
		6A0A53A31BAFB8E3004AD688 /* MSMoneySourceViewModel.m in Sources */ = {isa = PBXBuildFile; fileRef = 6A0A53A21BAFB8E3004AD688 /* MSMoneySourceViewModel.m */; settings = {ASSET_TAGS = (); }; };
		6A0D527F1BBE5E0A00D651B7 /* MSProjectTypeCollectionViewCell.m in Sources */ = {isa = PBXBuildFile; fileRef = 6A0D527E1BBE5E0A00D651B7 /* MSProjectTypeCollectionViewCell.m */; settings = {ASSET_TAGS = (); }; };
		6A0D52821BBE609F00D651B7 /* UIImageView+MoneySaver.m in Sources */ = {isa = PBXBuildFile; fileRef = 6A0D52811BBE609F00D651B7 /* UIImageView+MoneySaver.m */; settings = {ASSET_TAGS = (); }; };
		6A0D52851BBE60E500D651B7 /* MSProjectModelTypeHelper.m in Sources */ = {isa = PBXBuildFile; fileRef = 6A0D52841BBE60E500D651B7 /* MSProjectModelTypeHelper.m */; settings = {ASSET_TAGS = (); }; };
		6A0D52881BBE616300D651B7 /* MSProjectTransactionTypeHelper.m in Sources */ = {isa = PBXBuildFile; fileRef = 6A0D52871BBE616300D651B7 /* MSProjectTransactionTypeHelper.m */; settings = {ASSET_TAGS = (); }; };
		6A0D528B1BBE88A300D651B7 /* MSProjectEditorViewController.m in Sources */ = {isa = PBXBuildFile; fileRef = 6A0D528A1BBE88A300D651B7 /* MSProjectEditorViewController.m */; settings = {ASSET_TAGS = (); }; };
		6A0D528F1BBE891F00D651B7 /* MSProjectTypeListDataSource.m in Sources */ = {isa = PBXBuildFile; fileRef = 6A0D528E1BBE891F00D651B7 /* MSProjectTypeListDataSource.m */; settings = {ASSET_TAGS = (); }; };
		6A29B40B1BC3CC10009B1B65 /* NIDebuggingTools.m in Sources */ = {isa = PBXBuildFile; fileRef = 6A29B4091BC3CC10009B1B65 /* NIDebuggingTools.m */; settings = {ASSET_TAGS = (); }; };
		6A29B40E1BC3CC8D009B1B65 /* MSSqliteQueryCondition.m in Sources */ = {isa = PBXBuildFile; fileRef = 6A29B40D1BC3CC8D009B1B65 /* MSSqliteQueryCondition.m */; settings = {ASSET_TAGS = (); }; };
		6A29B4141BC3D759009B1B65 /* NSString+XValueCheck.m in Sources */ = {isa = PBXBuildFile; fileRef = 6A29B4131BC3D759009B1B65 /* NSString+XValueCheck.m */; settings = {ASSET_TAGS = (); }; };
		6A37398C1BC4C96600DFE9CD /* MSMainNavViewController.m in Sources */ = {isa = PBXBuildFile; fileRef = 6A37398B1BC4C96600DFE9CD /* MSMainNavViewController.m */; settings = {ASSET_TAGS = (); }; };
		6A3A52401BB4FF6400BA99A5 /* MSNumberKeyBord.m in Sources */ = {isa = PBXBuildFile; fileRef = 6A3A523F1BB4FF6400BA99A5 /* MSNumberKeyBord.m */; settings = {ASSET_TAGS = (); }; };
		6A3A52451BB4FFBC00BA99A5 /* MSNumberKeyBordButton.m in Sources */ = {isa = PBXBuildFile; fileRef = 6A3A52441BB4FFBC00BA99A5 /* MSNumberKeyBordButton.m */; settings = {ASSET_TAGS = (); }; };
		6A3A52491BB51FDF00BA99A5 /* UIView+Frame.m in Sources */ = {isa = PBXBuildFile; fileRef = 6A3A52481BB51FDF00BA99A5 /* UIView+Frame.m */; settings = {ASSET_TAGS = (); }; };
		6A3A524C1BB51FE900BA99A5 /* UIDevice+XDevice.m in Sources */ = {isa = PBXBuildFile; fileRef = 6A3A524B1BB51FE900BA99A5 /* UIDevice+XDevice.m */; settings = {ASSET_TAGS = (); }; };
		6A3A524F1BB51FF500BA99A5 /* RACChannelTerminal+TwoWayBinding.m in Sources */ = {isa = PBXBuildFile; fileRef = 6A3A524E1BB51FF500BA99A5 /* RACChannelTerminal+TwoWayBinding.m */; settings = {ASSET_TAGS = (); }; };
		6A3A52521BB5200000BA99A5 /* NSDateFormatter+DefaultFormatter.m in Sources */ = {isa = PBXBuildFile; fileRef = 6A3A52511BB5200000BA99A5 /* NSDateFormatter+DefaultFormatter.m */; settings = {ASSET_TAGS = (); }; };
		6A4EF2431BC5093500679453 /* MSGlobalPropertyContainer.m in Sources */ = {isa = PBXBuildFile; fileRef = 6A4EF2421BC5093500679453 /* MSGlobalPropertyContainer.m */; settings = {ASSET_TAGS = (); }; };
		6A4EF2461BC5096F00679453 /* MSTestViewController.m in Sources */ = {isa = PBXBuildFile; fileRef = 6A4EF2451BC5096F00679453 /* MSTestViewController.m */; settings = {ASSET_TAGS = (); }; };
		6A550C0F1BC3B12900AA01A5 /* NSDictionary+DeleteNull.m in Sources */ = {isa = PBXBuildFile; fileRef = 6A550C0E1BC3B12900AA01A5 /* NSDictionary+DeleteNull.m */; settings = {ASSET_TAGS = (); }; };
		6A550C121BC3C2EB00AA01A5 /* MSWebDateSyncClient.m in Sources */ = {isa = PBXBuildFile; fileRef = 6A550C111BC3C2EB00AA01A5 /* MSWebDateSyncClient.m */; settings = {ASSET_TAGS = (); }; };
		6A68B1CB1BAFB4B3009BA468 /* MSProjectManagerViewModel.m in Sources */ = {isa = PBXBuildFile; fileRef = 6A68B1CA1BAFB4B3009BA468 /* MSProjectManagerViewModel.m */; settings = {ASSET_TAGS = (); }; };
		6A68B1CE1BAFB4C5009BA468 /* MSAccountViewModel.m in Sources */ = {isa = PBXBuildFile; fileRef = 6A68B1CD1BAFB4C5009BA468 /* MSAccountViewModel.m */; settings = {ASSET_TAGS = (); }; };
		6A68B1D11BAFB4E3009BA468 /* MSMoneySourceManagerViewModel.m in Sources */ = {isa = PBXBuildFile; fileRef = 6A68B1D01BAFB4E3009BA468 /* MSMoneySourceManagerViewModel.m */; settings = {ASSET_TAGS = (); }; };
		6A68B1D41BAFB545009BA468 /* MSSqliteDataBaseClient.m in Sources */ = {isa = PBXBuildFile; fileRef = 6A68B1D31BAFB545009BA468 /* MSSqliteDataBaseClient.m */; settings = {ASSET_TAGS = (); }; };
		6A68B1D71BAFB73A009BA468 /* SqliteCreaterV1.0.0.sql in Resources */ = {isa = PBXBuildFile; fileRef = 6A68B1D61BAFB73A009BA468 /* SqliteCreaterV1.0.0.sql */; settings = {ASSET_TAGS = (); }; };
		6A692E971BB5AA8400AAA277 /* NotificationCenter.framework in Frameworks */ = {isa = PBXBuildFile; fileRef = 6A692E961BB5AA8400AAA277 /* NotificationCenter.framework */; settings = {ASSET_TAGS = (); }; };
		6A692E9B1BB5AA8400AAA277 /* TodayViewController.m in Sources */ = {isa = PBXBuildFile; fileRef = 6A692E9A1BB5AA8400AAA277 /* TodayViewController.m */; };
		6A692E9E1BB5AA8400AAA277 /* MainInterface.storyboard in Resources */ = {isa = PBXBuildFile; fileRef = 6A692E9C1BB5AA8400AAA277 /* MainInterface.storyboard */; };
		6A692EA21BB5AA8400AAA277 /* MoneySaverToday.appex in Embed App Extensions */ = {isa = PBXBuildFile; fileRef = 6A692E951BB5AA8400AAA277 /* MoneySaverToday.appex */; settings = {ATTRIBUTES = (RemoveHeadersOnCopy, ); }; };
		6A692EA91BB6404100AAA277 /* MSBmobDataBojectModel.m in Sources */ = {isa = PBXBuildFile; fileRef = 6A692EA81BB6404100AAA277 /* MSBmobDataBojectModel.m */; settings = {ASSET_TAGS = (); }; };
		6A8404441BB0FE5500A89446 /* DefaultConstants.m in Sources */ = {isa = PBXBuildFile; fileRef = 6A8404431BB0FE5500A89446 /* DefaultConstants.m */; settings = {ASSET_TAGS = (); }; };
		6A8404471BB1049300A89446 /* WebClientConstants.m in Sources */ = {isa = PBXBuildFile; fileRef = 6A8404461BB1049300A89446 /* WebClientConstants.m */; settings = {ASSET_TAGS = (); }; };
		6A8404511BB24C3000A89446 /* MSSubmitTransitionButton.m in Sources */ = {isa = PBXBuildFile; fileRef = 6A8404501BB24C3000A89446 /* MSSubmitTransitionButton.m */; settings = {ASSET_TAGS = (); }; };
		6A8404541BB24DCE00A89446 /* MSCircleLayer.m in Sources */ = {isa = PBXBuildFile; fileRef = 6A8404531BB24DCE00A89446 /* MSCircleLayer.m */; settings = {ASSET_TAGS = (); }; };
		6A8404571BB2523D00A89446 /* NSTimer+MSSubmitTransition.m in Sources */ = {isa = PBXBuildFile; fileRef = 6A8404561BB2523D00A89446 /* NSTimer+MSSubmitTransition.m */; settings = {ASSET_TAGS = (); }; };
		6A84045D1BB27A5300A89446 /* MSFadeTransition.m in Sources */ = {isa = PBXBuildFile; fileRef = 6A84045C1BB27A5300A89446 /* MSFadeTransition.m */; settings = {ASSET_TAGS = (); }; };
		6A84045E1BB282E800A89446 /* Assets.xcassets in Resources */ = {isa = PBXBuildFile; fileRef = 6A9095BC1BAF933600672A05 /* Assets.xcassets */; settings = {ASSET_TAGS = (); }; };
		6A8404641BB2860200A89446 /* MSBaseClassViewController.m in Sources */ = {isa = PBXBuildFile; fileRef = 6A8404631BB2860200A89446 /* MSBaseClassViewController.m */; settings = {ASSET_TAGS = (); }; };
		6A84046C1BB2898A00A89446 /* MSLoginMainViewController.m in Sources */ = {isa = PBXBuildFile; fileRef = 6A84046B1BB2898A00A89446 /* MSLoginMainViewController.m */; settings = {ASSET_TAGS = (); }; };
		6A85D99D1BAFB14C0049D988 /* MSAccountDataModel.m in Sources */ = {isa = PBXBuildFile; fileRef = 6A85D9981BAFB14C0049D988 /* MSAccountDataModel.m */; settings = {ASSET_TAGS = (); }; };
		6A85D99E1BAFB14C0049D988 /* MSBaseProjectModel.m in Sources */ = {isa = PBXBuildFile; fileRef = 6A85D99A1BAFB14C0049D988 /* MSBaseProjectModel.m */; settings = {ASSET_TAGS = (); }; };
		6A85D99F1BAFB14C0049D988 /* MSMoneySourceModel.m in Sources */ = {isa = PBXBuildFile; fileRef = 6A85D99C1BAFB14C0049D988 /* MSMoneySourceModel.m */; settings = {ASSET_TAGS = (); }; };
		6A85D9A31BAFB1850049D988 /* MSBaseClassViewModel.m in Sources */ = {isa = PBXBuildFile; fileRef = 6A85D9A21BAFB1850049D988 /* MSBaseClassViewModel.m */; settings = {ASSET_TAGS = (); }; };
		6A894CCA1BBB8290009A7120 /* MSProjectListHeaderView.m in Sources */ = {isa = PBXBuildFile; fileRef = 6A894CC51BBB8290009A7120 /* MSProjectListHeaderView.m */; settings = {ASSET_TAGS = (); }; };
		6A894CCB1BBB8290009A7120 /* MSProjectListTableViewCell.m in Sources */ = {isa = PBXBuildFile; fileRef = 6A894CC71BBB8290009A7120 /* MSProjectListTableViewCell.m */; settings = {ASSET_TAGS = (); }; };
		6A894CCC1BBB8290009A7120 /* MSProjectListTableViewCellTypeView.m in Sources */ = {isa = PBXBuildFile; fileRef = 6A894CC91BBB8290009A7120 /* MSProjectListTableViewCellTypeView.m */; settings = {ASSET_TAGS = (); }; };
		6A9095AC1BAF92D000672A05 /* main.m in Sources */ = {isa = PBXBuildFile; fileRef = 6A9095AB1BAF92D000672A05 /* main.m */; };
		6A9095AF1BAF92D000672A05 /* MSAppDelegate.m in Sources */ = {isa = PBXBuildFile; fileRef = 6A9095AE1BAF92D000672A05 /* MSAppDelegate.m */; };
		6A92B3891BB3F568001C7A87 /* UIColor+MoneySaver.m in Sources */ = {isa = PBXBuildFile; fileRef = 6A92B3881BB3F568001C7A87 /* UIColor+MoneySaver.m */; settings = {ASSET_TAGS = (); }; };
		6A92B38D1BB3FA9B001C7A87 /* MSMainViewController.m in Sources */ = {isa = PBXBuildFile; fileRef = 6A92B38C1BB3FA9B001C7A87 /* MSMainViewController.m */; settings = {ASSET_TAGS = (); }; };
		6AAF992D1BBEB61B008D0805 /* UIImage+MoneySaver.m in Sources */ = {isa = PBXBuildFile; fileRef = 6AAF992C1BBEB61B008D0805 /* UIImage+MoneySaver.m */; settings = {ASSET_TAGS = (); }; };
		6AAF99321BBEC038008D0805 /* MSBarButtonItem.m in Sources */ = {isa = PBXBuildFile; fileRef = 6AAF99311BBEC038008D0805 /* MSBarButtonItem.m */; settings = {ASSET_TAGS = (); }; };
		6AD229BB1BBFFC52004DC5FC /* MSProjectValueHeaderView.m in Sources */ = {isa = PBXBuildFile; fileRef = 6AD229BA1BBFFC52004DC5FC /* MSProjectValueHeaderView.m */; settings = {ASSET_TAGS = (); }; };
		6AD7BD0B1BC112FC0098E1F0 /* LaunchScreen.storyboard in Resources */ = {isa = PBXBuildFile; fileRef = 6AD7BD0A1BC112FC0098E1F0 /* LaunchScreen.storyboard */; settings = {ASSET_TAGS = (); }; };
		6AD7BD181BC155280098E1F0 /* LocalAuthentication.framework in Frameworks */ = {isa = PBXBuildFile; fileRef = 6AD7BD171BC155280098E1F0 /* LocalAuthentication.framework */; };
		6AD7BD1F1BC223490098E1F0 /* MSProjectReportViewController.m in Sources */ = {isa = PBXBuildFile; fileRef = 6AD7BD1E1BC223490098E1F0 /* MSProjectReportViewController.m */; settings = {ASSET_TAGS = (); }; };
		6AD7BD4D1BC2CA3F0098E1F0 /* MSSqliteDataBaseClient+SQLQueryString.m in Sources */ = {isa = PBXBuildFile; fileRef = 6AD7BD4C1BC2CA3F0098E1F0 /* MSSqliteDataBaseClient+SQLQueryString.m */; settings = {ASSET_TAGS = (); }; };
		6AD7BD4F1BC2CAED0098E1F0 /* SqliteCleanerV1.0.0.sql in Resources */ = {isa = PBXBuildFile; fileRef = 6AD7BD4E1BC2CAED0098E1F0 /* SqliteCleanerV1.0.0.sql */; settings = {ASSET_TAGS = (); }; };
		6ADF5B251BC4CC3D00B41A7F /* MSChartDataItemAdapter.m in Sources */ = {isa = PBXBuildFile; fileRef = 6ADF5B241BC4CC3D00B41A7F /* MSChartDataItemAdapter.m */; settings = {ASSET_TAGS = (); }; };
		6AE69EE41BBE914500EB4CAD /* UILabel+MoneySaver.m in Sources */ = {isa = PBXBuildFile; fileRef = 6AE69EE31BBE914500EB4CAD /* UILabel+MoneySaver.m */; settings = {ASSET_TAGS = (); }; };
		6AF84D8A1BAFD6EA00B061A5 /* MSEncryptDatabaseQueue.m in Sources */ = {isa = PBXBuildFile; fileRef = 6AF84D891BAFD6EA00B061A5 /* MSEncryptDatabaseQueue.m */; settings = {ASSET_TAGS = (); }; };
		6AF84D8D1BAFD71000B061A5 /* MSEncryptDatabase.m in Sources */ = {isa = PBXBuildFile; fileRef = 6AF84D8C1BAFD71000B061A5 /* MSEncryptDatabase.m */; settings = {ASSET_TAGS = (); }; };
		6AF84D901BAFD75100B061A5 /* MSEncryptHelper.m in Sources */ = {isa = PBXBuildFile; fileRef = 6AF84D8F1BAFD75100B061A5 /* MSEncryptHelper.m */; settings = {ASSET_TAGS = (); }; };
		6AF84D9E1BB0053000B061A5 /* MSBmobObjectAdapter.m in Sources */ = {isa = PBXBuildFile; fileRef = 6AF84D9D1BB0053000B061A5 /* MSBmobObjectAdapter.m */; settings = {ASSET_TAGS = (); }; };
/* End PBXBuildFile section */

/* Begin PBXContainerItemProxy section */
		6A692EA01BB5AA8400AAA277 /* PBXContainerItemProxy */ = {
			isa = PBXContainerItemProxy;
			containerPortal = 6A90959F1BAF92D000672A05 /* Project object */;
			proxyType = 1;
			remoteGlobalIDString = 6A692E941BB5AA8400AAA277;
			remoteInfo = MoneySaverToday;
		};
/* End PBXContainerItemProxy section */

/* Begin PBXCopyFilesBuildPhase section */
		6A692E901BB5AA4700AAA277 /* Embed Watch Content */ = {
			isa = PBXCopyFilesBuildPhase;
			buildActionMask = 2147483647;
			dstPath = "$(CONTENTS_FOLDER_PATH)/Watch";
			dstSubfolderSpec = 16;
			files = (
			);
			name = "Embed Watch Content";
			runOnlyForDeploymentPostprocessing = 0;
		};
		6A692EA61BB5AA8500AAA277 /* Embed App Extensions */ = {
			isa = PBXCopyFilesBuildPhase;
			buildActionMask = 2147483647;
			dstPath = "";
			dstSubfolderSpec = 13;
			files = (
				6A692EA21BB5AA8400AAA277 /* MoneySaverToday.appex in Embed App Extensions */,
			);
			name = "Embed App Extensions";
			runOnlyForDeploymentPostprocessing = 0;
		};
/* End PBXCopyFilesBuildPhase section */

/* Begin PBXFileReference section */
		0FC39D14C939FE7DCC37D7C3 /* libPods-MoneySaver.a */ = {isa = PBXFileReference; explicitFileType = archive.ar; includeInIndex = 0; path = "libPods-MoneySaver.a"; sourceTree = BUILT_PRODUCTS_DIR; };
		1AD1E6C10112F55358EE6C12 /* Pods-MoneySaver.debug.xcconfig */ = {isa = PBXFileReference; includeInIndex = 1; lastKnownFileType = text.xcconfig; name = "Pods-MoneySaver.debug.xcconfig"; path = "Pods/Target Support Files/Pods-MoneySaver/Pods-MoneySaver.debug.xcconfig"; sourceTree = "<group>"; };
		6A0A53991BAFB7F2004AD688 /* MSWebDataClient.h */ = {isa = PBXFileReference; fileEncoding = 4; lastKnownFileType = sourcecode.c.h; path = MSWebDataClient.h; sourceTree = "<group>"; };
		6A0A539A1BAFB7F2004AD688 /* MSWebDataClient.m */ = {isa = PBXFileReference; fileEncoding = 4; lastKnownFileType = sourcecode.c.objc; path = MSWebDataClient.m; sourceTree = "<group>"; };
		6A0A539E1BAFB8C8004AD688 /* MSProjectViewModel.h */ = {isa = PBXFileReference; fileEncoding = 4; lastKnownFileType = sourcecode.c.h; path = MSProjectViewModel.h; sourceTree = "<group>"; };
		6A0A539F1BAFB8C8004AD688 /* MSProjectViewModel.m */ = {isa = PBXFileReference; fileEncoding = 4; lastKnownFileType = sourcecode.c.objc; path = MSProjectViewModel.m; sourceTree = "<group>"; };
		6A0A53A11BAFB8E3004AD688 /* MSMoneySourceViewModel.h */ = {isa = PBXFileReference; fileEncoding = 4; lastKnownFileType = sourcecode.c.h; path = MSMoneySourceViewModel.h; sourceTree = "<group>"; };
		6A0A53A21BAFB8E3004AD688 /* MSMoneySourceViewModel.m */ = {isa = PBXFileReference; fileEncoding = 4; lastKnownFileType = sourcecode.c.objc; path = MSMoneySourceViewModel.m; sourceTree = "<group>"; };
		6A0D527D1BBE5E0A00D651B7 /* MSProjectTypeCollectionViewCell.h */ = {isa = PBXFileReference; fileEncoding = 4; lastKnownFileType = sourcecode.c.h; path = MSProjectTypeCollectionViewCell.h; sourceTree = "<group>"; };
		6A0D527E1BBE5E0A00D651B7 /* MSProjectTypeCollectionViewCell.m */ = {isa = PBXFileReference; fileEncoding = 4; lastKnownFileType = sourcecode.c.objc; path = MSProjectTypeCollectionViewCell.m; sourceTree = "<group>"; };
		6A0D52801BBE609F00D651B7 /* UIImageView+MoneySaver.h */ = {isa = PBXFileReference; fileEncoding = 4; lastKnownFileType = sourcecode.c.h; path = "UIImageView+MoneySaver.h"; sourceTree = "<group>"; };
		6A0D52811BBE609F00D651B7 /* UIImageView+MoneySaver.m */ = {isa = PBXFileReference; fileEncoding = 4; lastKnownFileType = sourcecode.c.objc; path = "UIImageView+MoneySaver.m"; sourceTree = "<group>"; };
		6A0D52831BBE60E500D651B7 /* MSProjectModelTypeHelper.h */ = {isa = PBXFileReference; fileEncoding = 4; lastKnownFileType = sourcecode.c.h; path = MSProjectModelTypeHelper.h; sourceTree = "<group>"; };
		6A0D52841BBE60E500D651B7 /* MSProjectModelTypeHelper.m */ = {isa = PBXFileReference; fileEncoding = 4; lastKnownFileType = sourcecode.c.objc; path = MSProjectModelTypeHelper.m; sourceTree = "<group>"; };
		6A0D52861BBE616300D651B7 /* MSProjectTransactionTypeHelper.h */ = {isa = PBXFileReference; fileEncoding = 4; lastKnownFileType = sourcecode.c.h; path = MSProjectTransactionTypeHelper.h; sourceTree = "<group>"; };
		6A0D52871BBE616300D651B7 /* MSProjectTransactionTypeHelper.m */ = {isa = PBXFileReference; fileEncoding = 4; lastKnownFileType = sourcecode.c.objc; path = MSProjectTransactionTypeHelper.m; sourceTree = "<group>"; };
		6A0D52891BBE88A300D651B7 /* MSProjectEditorViewController.h */ = {isa = PBXFileReference; fileEncoding = 4; lastKnownFileType = sourcecode.c.h; path = MSProjectEditorViewController.h; sourceTree = "<group>"; };
		6A0D528A1BBE88A300D651B7 /* MSProjectEditorViewController.m */ = {isa = PBXFileReference; fileEncoding = 4; lastKnownFileType = sourcecode.c.objc; path = MSProjectEditorViewController.m; sourceTree = "<group>"; };
		6A0D528D1BBE891F00D651B7 /* MSProjectTypeListDataSource.h */ = {isa = PBXFileReference; fileEncoding = 4; lastKnownFileType = sourcecode.c.h; path = MSProjectTypeListDataSource.h; sourceTree = "<group>"; };
		6A0D528E1BBE891F00D651B7 /* MSProjectTypeListDataSource.m */ = {isa = PBXFileReference; fileEncoding = 4; lastKnownFileType = sourcecode.c.objc; path = MSProjectTypeListDataSource.m; sourceTree = "<group>"; };
		6A29B4081BC3CC10009B1B65 /* NIDebuggingTools.h */ = {isa = PBXFileReference; fileEncoding = 4; lastKnownFileType = sourcecode.c.h; path = NIDebuggingTools.h; sourceTree = "<group>"; };
		6A29B4091BC3CC10009B1B65 /* NIDebuggingTools.m */ = {isa = PBXFileReference; fileEncoding = 4; lastKnownFileType = sourcecode.c.objc; path = NIDebuggingTools.m; sourceTree = "<group>"; };
		6A29B40A1BC3CC10009B1B65 /* NimbusKitBasics.h */ = {isa = PBXFileReference; fileEncoding = 4; lastKnownFileType = sourcecode.c.h; path = NimbusKitBasics.h; sourceTree = "<group>"; };
		6A29B40C1BC3CC8D009B1B65 /* MSSqliteQueryCondition.h */ = {isa = PBXFileReference; fileEncoding = 4; lastKnownFileType = sourcecode.c.h; path = MSSqliteQueryCondition.h; sourceTree = "<group>"; };
		6A29B40D1BC3CC8D009B1B65 /* MSSqliteQueryCondition.m */ = {isa = PBXFileReference; fileEncoding = 4; lastKnownFileType = sourcecode.c.objc; path = MSSqliteQueryCondition.m; sourceTree = "<group>"; };
		6A29B4121BC3D759009B1B65 /* NSString+XValueCheck.h */ = {isa = PBXFileReference; fileEncoding = 4; lastKnownFileType = sourcecode.c.h; path = "NSString+XValueCheck.h"; sourceTree = "<group>"; };
		6A29B4131BC3D759009B1B65 /* NSString+XValueCheck.m */ = {isa = PBXFileReference; fileEncoding = 4; lastKnownFileType = sourcecode.c.objc; path = "NSString+XValueCheck.m"; sourceTree = "<group>"; };
		6A37398A1BC4C96600DFE9CD /* MSMainNavViewController.h */ = {isa = PBXFileReference; fileEncoding = 4; lastKnownFileType = sourcecode.c.h; path = MSMainNavViewController.h; sourceTree = "<group>"; };
		6A37398B1BC4C96600DFE9CD /* MSMainNavViewController.m */ = {isa = PBXFileReference; fileEncoding = 4; lastKnownFileType = sourcecode.c.objc; path = MSMainNavViewController.m; sourceTree = "<group>"; };
		6A3A523E1BB4FF6400BA99A5 /* MSNumberKeyBord.h */ = {isa = PBXFileReference; fileEncoding = 4; lastKnownFileType = sourcecode.c.h; path = MSNumberKeyBord.h; sourceTree = "<group>"; };
		6A3A523F1BB4FF6400BA99A5 /* MSNumberKeyBord.m */ = {isa = PBXFileReference; fileEncoding = 4; lastKnownFileType = sourcecode.c.objc; path = MSNumberKeyBord.m; sourceTree = "<group>"; };
		6A3A52431BB4FFBC00BA99A5 /* MSNumberKeyBordButton.h */ = {isa = PBXFileReference; fileEncoding = 4; lastKnownFileType = sourcecode.c.h; path = MSNumberKeyBordButton.h; sourceTree = "<group>"; };
		6A3A52441BB4FFBC00BA99A5 /* MSNumberKeyBordButton.m */ = {isa = PBXFileReference; fileEncoding = 4; lastKnownFileType = sourcecode.c.objc; path = MSNumberKeyBordButton.m; sourceTree = "<group>"; };
		6A3A52461BB51F8F00BA99A5 /* Macro.h */ = {isa = PBXFileReference; lastKnownFileType = sourcecode.c.h; path = Macro.h; sourceTree = "<group>"; };
		6A3A52471BB51FDF00BA99A5 /* UIView+Frame.h */ = {isa = PBXFileReference; fileEncoding = 4; lastKnownFileType = sourcecode.c.h; path = "UIView+Frame.h"; sourceTree = "<group>"; };
		6A3A52481BB51FDF00BA99A5 /* UIView+Frame.m */ = {isa = PBXFileReference; fileEncoding = 4; lastKnownFileType = sourcecode.c.objc; path = "UIView+Frame.m"; sourceTree = "<group>"; };
		6A3A524A1BB51FE900BA99A5 /* UIDevice+XDevice.h */ = {isa = PBXFileReference; fileEncoding = 4; lastKnownFileType = sourcecode.c.h; path = "UIDevice+XDevice.h"; sourceTree = "<group>"; };
		6A3A524B1BB51FE900BA99A5 /* UIDevice+XDevice.m */ = {isa = PBXFileReference; fileEncoding = 4; lastKnownFileType = sourcecode.c.objc; path = "UIDevice+XDevice.m"; sourceTree = "<group>"; };
		6A3A524D1BB51FF500BA99A5 /* RACChannelTerminal+TwoWayBinding.h */ = {isa = PBXFileReference; fileEncoding = 4; lastKnownFileType = sourcecode.c.h; path = "RACChannelTerminal+TwoWayBinding.h"; sourceTree = "<group>"; };
		6A3A524E1BB51FF500BA99A5 /* RACChannelTerminal+TwoWayBinding.m */ = {isa = PBXFileReference; fileEncoding = 4; lastKnownFileType = sourcecode.c.objc; path = "RACChannelTerminal+TwoWayBinding.m"; sourceTree = "<group>"; };
		6A3A52501BB5200000BA99A5 /* NSDateFormatter+DefaultFormatter.h */ = {isa = PBXFileReference; fileEncoding = 4; lastKnownFileType = sourcecode.c.h; path = "NSDateFormatter+DefaultFormatter.h"; sourceTree = "<group>"; };
		6A3A52511BB5200000BA99A5 /* NSDateFormatter+DefaultFormatter.m */ = {isa = PBXFileReference; fileEncoding = 4; lastKnownFileType = sourcecode.c.objc; path = "NSDateFormatter+DefaultFormatter.m"; sourceTree = "<group>"; };
		6A4EF2411BC5093500679453 /* MSGlobalPropertyContainer.h */ = {isa = PBXFileReference; fileEncoding = 4; lastKnownFileType = sourcecode.c.h; path = MSGlobalPropertyContainer.h; sourceTree = "<group>"; };
		6A4EF2421BC5093500679453 /* MSGlobalPropertyContainer.m */ = {isa = PBXFileReference; fileEncoding = 4; lastKnownFileType = sourcecode.c.objc; path = MSGlobalPropertyContainer.m; sourceTree = "<group>"; };
		6A4EF2441BC5096E00679453 /* MSTestViewController.h */ = {isa = PBXFileReference; fileEncoding = 4; lastKnownFileType = sourcecode.c.h; path = MSTestViewController.h; sourceTree = "<group>"; };
		6A4EF2451BC5096F00679453 /* MSTestViewController.m */ = {isa = PBXFileReference; fileEncoding = 4; lastKnownFileType = sourcecode.c.objc; path = MSTestViewController.m; sourceTree = "<group>"; };
		6A550C0C1BC3A5E200AA01A5 /* MSDataOperationType.h */ = {isa = PBXFileReference; lastKnownFileType = sourcecode.c.h; path = MSDataOperationType.h; sourceTree = "<group>"; };
		6A550C0D1BC3B12900AA01A5 /* NSDictionary+DeleteNull.h */ = {isa = PBXFileReference; fileEncoding = 4; lastKnownFileType = sourcecode.c.h; path = "NSDictionary+DeleteNull.h"; sourceTree = "<group>"; };
		6A550C0E1BC3B12900AA01A5 /* NSDictionary+DeleteNull.m */ = {isa = PBXFileReference; fileEncoding = 4; lastKnownFileType = sourcecode.c.objc; path = "NSDictionary+DeleteNull.m"; sourceTree = "<group>"; };
		6A550C101BC3C2EB00AA01A5 /* MSWebDateSyncClient.h */ = {isa = PBXFileReference; fileEncoding = 4; lastKnownFileType = sourcecode.c.h; path = MSWebDateSyncClient.h; sourceTree = "<group>"; };
		6A550C111BC3C2EB00AA01A5 /* MSWebDateSyncClient.m */ = {isa = PBXFileReference; fileEncoding = 4; lastKnownFileType = sourcecode.c.objc; path = MSWebDateSyncClient.m; sourceTree = "<group>"; };
		6A68B1C91BAFB4B3009BA468 /* MSProjectManagerViewModel.h */ = {isa = PBXFileReference; fileEncoding = 4; lastKnownFileType = sourcecode.c.h; path = MSProjectManagerViewModel.h; sourceTree = "<group>"; };
		6A68B1CA1BAFB4B3009BA468 /* MSProjectManagerViewModel.m */ = {isa = PBXFileReference; fileEncoding = 4; lastKnownFileType = sourcecode.c.objc; path = MSProjectManagerViewModel.m; sourceTree = "<group>"; };
		6A68B1CC1BAFB4C5009BA468 /* MSAccountViewModel.h */ = {isa = PBXFileReference; fileEncoding = 4; lastKnownFileType = sourcecode.c.h; lineEnding = 0; path = MSAccountViewModel.h; sourceTree = "<group>"; xcLanguageSpecificationIdentifier = xcode.lang.objcpp; };
		6A68B1CD1BAFB4C5009BA468 /* MSAccountViewModel.m */ = {isa = PBXFileReference; fileEncoding = 4; lastKnownFileType = sourcecode.c.objc; lineEnding = 0; path = MSAccountViewModel.m; sourceTree = "<group>"; xcLanguageSpecificationIdentifier = xcode.lang.objc; };
		6A68B1CF1BAFB4E3009BA468 /* MSMoneySourceManagerViewModel.h */ = {isa = PBXFileReference; fileEncoding = 4; lastKnownFileType = sourcecode.c.h; path = MSMoneySourceManagerViewModel.h; sourceTree = "<group>"; };
		6A68B1D01BAFB4E3009BA468 /* MSMoneySourceManagerViewModel.m */ = {isa = PBXFileReference; fileEncoding = 4; lastKnownFileType = sourcecode.c.objc; path = MSMoneySourceManagerViewModel.m; sourceTree = "<group>"; };
		6A68B1D21BAFB545009BA468 /* MSSqliteDataBaseClient.h */ = {isa = PBXFileReference; fileEncoding = 4; lastKnownFileType = sourcecode.c.h; path = MSSqliteDataBaseClient.h; sourceTree = "<group>"; };
		6A68B1D31BAFB545009BA468 /* MSSqliteDataBaseClient.m */ = {isa = PBXFileReference; fileEncoding = 4; lastKnownFileType = sourcecode.c.objc; path = MSSqliteDataBaseClient.m; sourceTree = "<group>"; };
		6A68B1D61BAFB73A009BA468 /* SqliteCreaterV1.0.0.sql */ = {isa = PBXFileReference; fileEncoding = 4; lastKnownFileType = text; path = SqliteCreaterV1.0.0.sql; sourceTree = "<group>"; };
		6A692E951BB5AA8400AAA277 /* MoneySaverToday.appex */ = {isa = PBXFileReference; explicitFileType = "wrapper.app-extension"; includeInIndex = 0; path = MoneySaverToday.appex; sourceTree = BUILT_PRODUCTS_DIR; };
		6A692E961BB5AA8400AAA277 /* NotificationCenter.framework */ = {isa = PBXFileReference; lastKnownFileType = wrapper.framework; name = NotificationCenter.framework; path = System/Library/Frameworks/NotificationCenter.framework; sourceTree = SDKROOT; };
		6A692E991BB5AA8400AAA277 /* TodayViewController.h */ = {isa = PBXFileReference; lastKnownFileType = sourcecode.c.h; path = TodayViewController.h; sourceTree = "<group>"; };
		6A692E9A1BB5AA8400AAA277 /* TodayViewController.m */ = {isa = PBXFileReference; lastKnownFileType = sourcecode.c.objc; path = TodayViewController.m; sourceTree = "<group>"; };
		6A692E9D1BB5AA8400AAA277 /* Base */ = {isa = PBXFileReference; lastKnownFileType = file.storyboard; name = Base; path = Base.lproj/MainInterface.storyboard; sourceTree = "<group>"; };
		6A692E9F1BB5AA8400AAA277 /* Info.plist */ = {isa = PBXFileReference; lastKnownFileType = text.plist.xml; path = Info.plist; sourceTree = "<group>"; };
		6A692EA71BB6404100AAA277 /* MSBmobDataBojectModel.h */ = {isa = PBXFileReference; fileEncoding = 4; lastKnownFileType = sourcecode.c.h; path = MSBmobDataBojectModel.h; sourceTree = "<group>"; };
		6A692EA81BB6404100AAA277 /* MSBmobDataBojectModel.m */ = {isa = PBXFileReference; fileEncoding = 4; lastKnownFileType = sourcecode.c.objc; path = MSBmobDataBojectModel.m; sourceTree = "<group>"; };
		6A8404411BB0F67100A89446 /* MSPCH.pch */ = {isa = PBXFileReference; lastKnownFileType = sourcecode.c.h; path = MSPCH.pch; sourceTree = "<group>"; };
		6A8404421BB0FE5500A89446 /* DefaultConstants.h */ = {isa = PBXFileReference; fileEncoding = 4; lastKnownFileType = sourcecode.c.h; path = DefaultConstants.h; sourceTree = "<group>"; };
		6A8404431BB0FE5500A89446 /* DefaultConstants.m */ = {isa = PBXFileReference; fileEncoding = 4; lastKnownFileType = sourcecode.c.objc; path = DefaultConstants.m; sourceTree = "<group>"; };
		6A8404451BB1049300A89446 /* WebClientConstants.h */ = {isa = PBXFileReference; fileEncoding = 4; lastKnownFileType = sourcecode.c.h; path = WebClientConstants.h; sourceTree = "<group>"; };
		6A8404461BB1049300A89446 /* WebClientConstants.m */ = {isa = PBXFileReference; fileEncoding = 4; lastKnownFileType = sourcecode.c.objc; path = WebClientConstants.m; sourceTree = "<group>"; };
		6A84044F1BB24C3000A89446 /* MSSubmitTransitionButton.h */ = {isa = PBXFileReference; fileEncoding = 4; lastKnownFileType = sourcecode.c.h; path = MSSubmitTransitionButton.h; sourceTree = "<group>"; };
		6A8404501BB24C3000A89446 /* MSSubmitTransitionButton.m */ = {isa = PBXFileReference; fileEncoding = 4; lastKnownFileType = sourcecode.c.objc; path = MSSubmitTransitionButton.m; sourceTree = "<group>"; };
		6A8404521BB24DCE00A89446 /* MSCircleLayer.h */ = {isa = PBXFileReference; fileEncoding = 4; lastKnownFileType = sourcecode.c.h; path = MSCircleLayer.h; sourceTree = "<group>"; };
		6A8404531BB24DCE00A89446 /* MSCircleLayer.m */ = {isa = PBXFileReference; fileEncoding = 4; lastKnownFileType = sourcecode.c.objc; path = MSCircleLayer.m; sourceTree = "<group>"; };
		6A8404551BB2523D00A89446 /* NSTimer+MSSubmitTransition.h */ = {isa = PBXFileReference; fileEncoding = 4; lastKnownFileType = sourcecode.c.h; path = "NSTimer+MSSubmitTransition.h"; sourceTree = "<group>"; };
		6A8404561BB2523D00A89446 /* NSTimer+MSSubmitTransition.m */ = {isa = PBXFileReference; fileEncoding = 4; lastKnownFileType = sourcecode.c.objc; path = "NSTimer+MSSubmitTransition.m"; sourceTree = "<group>"; };
		6A84045B1BB27A5300A89446 /* MSFadeTransition.h */ = {isa = PBXFileReference; fileEncoding = 4; lastKnownFileType = sourcecode.c.h; path = MSFadeTransition.h; sourceTree = "<group>"; };
		6A84045C1BB27A5300A89446 /* MSFadeTransition.m */ = {isa = PBXFileReference; fileEncoding = 4; lastKnownFileType = sourcecode.c.objc; path = MSFadeTransition.m; sourceTree = "<group>"; };
		6A8404621BB2860200A89446 /* MSBaseClassViewController.h */ = {isa = PBXFileReference; fileEncoding = 4; lastKnownFileType = sourcecode.c.h; path = MSBaseClassViewController.h; sourceTree = "<group>"; };
		6A8404631BB2860200A89446 /* MSBaseClassViewController.m */ = {isa = PBXFileReference; fileEncoding = 4; lastKnownFileType = sourcecode.c.objc; path = MSBaseClassViewController.m; sourceTree = "<group>"; };
		6A84046A1BB2898A00A89446 /* MSLoginMainViewController.h */ = {isa = PBXFileReference; fileEncoding = 4; lastKnownFileType = sourcecode.c.h; path = MSLoginMainViewController.h; sourceTree = "<group>"; };
		6A84046B1BB2898A00A89446 /* MSLoginMainViewController.m */ = {isa = PBXFileReference; fileEncoding = 4; lastKnownFileType = sourcecode.c.objc; path = MSLoginMainViewController.m; sourceTree = "<group>"; };
		6A85D9971BAFB14C0049D988 /* MSAccountDataModel.h */ = {isa = PBXFileReference; fileEncoding = 4; lastKnownFileType = sourcecode.c.h; lineEnding = 0; path = MSAccountDataModel.h; sourceTree = "<group>"; xcLanguageSpecificationIdentifier = xcode.lang.objcpp; };
		6A85D9981BAFB14C0049D988 /* MSAccountDataModel.m */ = {isa = PBXFileReference; fileEncoding = 4; lastKnownFileType = sourcecode.c.objc; lineEnding = 0; path = MSAccountDataModel.m; sourceTree = "<group>"; xcLanguageSpecificationIdentifier = xcode.lang.objc; };
		6A85D9991BAFB14C0049D988 /* MSBaseProjectModel.h */ = {isa = PBXFileReference; fileEncoding = 4; lastKnownFileType = sourcecode.c.h; path = MSBaseProjectModel.h; sourceTree = "<group>"; };
		6A85D99A1BAFB14C0049D988 /* MSBaseProjectModel.m */ = {isa = PBXFileReference; fileEncoding = 4; lastKnownFileType = sourcecode.c.objc; path = MSBaseProjectModel.m; sourceTree = "<group>"; };
		6A85D99B1BAFB14C0049D988 /* MSMoneySourceModel.h */ = {isa = PBXFileReference; fileEncoding = 4; lastKnownFileType = sourcecode.c.h; path = MSMoneySourceModel.h; sourceTree = "<group>"; };
		6A85D99C1BAFB14C0049D988 /* MSMoneySourceModel.m */ = {isa = PBXFileReference; fileEncoding = 4; lastKnownFileType = sourcecode.c.objc; path = MSMoneySourceModel.m; sourceTree = "<group>"; };
		6A85D9A11BAFB1850049D988 /* MSBaseClassViewModel.h */ = {isa = PBXFileReference; fileEncoding = 4; lastKnownFileType = sourcecode.c.h; path = MSBaseClassViewModel.h; sourceTree = "<group>"; };
		6A85D9A21BAFB1850049D988 /* MSBaseClassViewModel.m */ = {isa = PBXFileReference; fileEncoding = 4; lastKnownFileType = sourcecode.c.objc; path = MSBaseClassViewModel.m; sourceTree = "<group>"; };
		6A894CC41BBB8290009A7120 /* MSProjectListHeaderView.h */ = {isa = PBXFileReference; fileEncoding = 4; lastKnownFileType = sourcecode.c.h; path = MSProjectListHeaderView.h; sourceTree = "<group>"; };
		6A894CC51BBB8290009A7120 /* MSProjectListHeaderView.m */ = {isa = PBXFileReference; fileEncoding = 4; lastKnownFileType = sourcecode.c.objc; path = MSProjectListHeaderView.m; sourceTree = "<group>"; };
		6A894CC61BBB8290009A7120 /* MSProjectListTableViewCell.h */ = {isa = PBXFileReference; fileEncoding = 4; lastKnownFileType = sourcecode.c.h; path = MSProjectListTableViewCell.h; sourceTree = "<group>"; };
		6A894CC71BBB8290009A7120 /* MSProjectListTableViewCell.m */ = {isa = PBXFileReference; fileEncoding = 4; lastKnownFileType = sourcecode.c.objc; path = MSProjectListTableViewCell.m; sourceTree = "<group>"; };
		6A894CC81BBB8290009A7120 /* MSProjectListTableViewCellTypeView.h */ = {isa = PBXFileReference; fileEncoding = 4; lastKnownFileType = sourcecode.c.h; path = MSProjectListTableViewCellTypeView.h; sourceTree = "<group>"; };
		6A894CC91BBB8290009A7120 /* MSProjectListTableViewCellTypeView.m */ = {isa = PBXFileReference; fileEncoding = 4; lastKnownFileType = sourcecode.c.objc; path = MSProjectListTableViewCellTypeView.m; sourceTree = "<group>"; };
		6A9095A71BAF92D000672A05 /* MoneySaver.app */ = {isa = PBXFileReference; explicitFileType = wrapper.application; includeInIndex = 0; path = MoneySaver.app; sourceTree = BUILT_PRODUCTS_DIR; };
		6A9095AB1BAF92D000672A05 /* main.m */ = {isa = PBXFileReference; lastKnownFileType = sourcecode.c.objc; path = main.m; sourceTree = "<group>"; };
		6A9095AD1BAF92D000672A05 /* MSAppDelegate.h */ = {isa = PBXFileReference; lastKnownFileType = sourcecode.c.h; path = MSAppDelegate.h; sourceTree = "<group>"; };
		6A9095AE1BAF92D000672A05 /* MSAppDelegate.m */ = {isa = PBXFileReference; lastKnownFileType = sourcecode.c.objc; lineEnding = 0; path = MSAppDelegate.m; sourceTree = "<group>"; xcLanguageSpecificationIdentifier = xcode.lang.objc; };
		6A9095B51BAF92D000672A05 /* Info.plist */ = {isa = PBXFileReference; lastKnownFileType = text.plist.xml; path = Info.plist; sourceTree = "<group>"; };
		6A9095BC1BAF933600672A05 /* Assets.xcassets */ = {isa = PBXFileReference; lastKnownFileType = folder.assetcatalog; path = Assets.xcassets; sourceTree = "<group>"; };
		6A92B3871BB3F568001C7A87 /* UIColor+MoneySaver.h */ = {isa = PBXFileReference; fileEncoding = 4; lastKnownFileType = sourcecode.c.h; path = "UIColor+MoneySaver.h"; sourceTree = "<group>"; };
		6A92B3881BB3F568001C7A87 /* UIColor+MoneySaver.m */ = {isa = PBXFileReference; fileEncoding = 4; lastKnownFileType = sourcecode.c.objc; path = "UIColor+MoneySaver.m"; sourceTree = "<group>"; };
		6A92B38B1BB3FA9B001C7A87 /* MSMainViewController.h */ = {isa = PBXFileReference; fileEncoding = 4; lastKnownFileType = sourcecode.c.h; path = MSMainViewController.h; sourceTree = "<group>"; };
		6A92B38C1BB3FA9B001C7A87 /* MSMainViewController.m */ = {isa = PBXFileReference; fileEncoding = 4; lastKnownFileType = sourcecode.c.objc; path = MSMainViewController.m; sourceTree = "<group>"; };
		6AAF992B1BBEB61B008D0805 /* UIImage+MoneySaver.h */ = {isa = PBXFileReference; fileEncoding = 4; lastKnownFileType = sourcecode.c.h; path = "UIImage+MoneySaver.h"; sourceTree = "<group>"; };
		6AAF992C1BBEB61B008D0805 /* UIImage+MoneySaver.m */ = {isa = PBXFileReference; fileEncoding = 4; lastKnownFileType = sourcecode.c.objc; path = "UIImage+MoneySaver.m"; sourceTree = "<group>"; };
		6AAF99301BBEC038008D0805 /* MSBarButtonItem.h */ = {isa = PBXFileReference; fileEncoding = 4; lastKnownFileType = sourcecode.c.h; path = MSBarButtonItem.h; sourceTree = "<group>"; };
		6AAF99311BBEC038008D0805 /* MSBarButtonItem.m */ = {isa = PBXFileReference; fileEncoding = 4; lastKnownFileType = sourcecode.c.objc; path = MSBarButtonItem.m; sourceTree = "<group>"; };
		6AD229B91BBFFC52004DC5FC /* MSProjectValueHeaderView.h */ = {isa = PBXFileReference; fileEncoding = 4; lastKnownFileType = sourcecode.c.h; path = MSProjectValueHeaderView.h; sourceTree = "<group>"; };
		6AD229BA1BBFFC52004DC5FC /* MSProjectValueHeaderView.m */ = {isa = PBXFileReference; fileEncoding = 4; lastKnownFileType = sourcecode.c.objc; path = MSProjectValueHeaderView.m; sourceTree = "<group>"; };
		6AD7BD0A1BC112FC0098E1F0 /* LaunchScreen.storyboard */ = {isa = PBXFileReference; fileEncoding = 4; lastKnownFileType = file.storyboard; path = LaunchScreen.storyboard; sourceTree = "<group>"; };
		6AD7BD0C1BC118FD0098E1F0 /* MSBindViewModelProtocol.h */ = {isa = PBXFileReference; fileEncoding = 4; lastKnownFileType = sourcecode.c.h; path = MSBindViewModelProtocol.h; sourceTree = "<group>"; };
		6AD7BD171BC155280098E1F0 /* LocalAuthentication.framework */ = {isa = PBXFileReference; lastKnownFileType = wrapper.framework; name = LocalAuthentication.framework; path = System/Library/Frameworks/LocalAuthentication.framework; sourceTree = SDKROOT; };
		6AD7BD1D1BC223490098E1F0 /* MSProjectReportViewController.h */ = {isa = PBXFileReference; fileEncoding = 4; lastKnownFileType = sourcecode.c.h; path = MSProjectReportViewController.h; sourceTree = "<group>"; };
		6AD7BD1E1BC223490098E1F0 /* MSProjectReportViewController.m */ = {isa = PBXFileReference; fileEncoding = 4; lastKnownFileType = sourcecode.c.objc; path = MSProjectReportViewController.m; sourceTree = "<group>"; };
		6AD7BD4B1BC2CA3F0098E1F0 /* MSSqliteDataBaseClient+SQLQueryString.h */ = {isa = PBXFileReference; fileEncoding = 4; lastKnownFileType = sourcecode.c.h; path = "MSSqliteDataBaseClient+SQLQueryString.h"; sourceTree = "<group>"; };
		6AD7BD4C1BC2CA3F0098E1F0 /* MSSqliteDataBaseClient+SQLQueryString.m */ = {isa = PBXFileReference; fileEncoding = 4; lastKnownFileType = sourcecode.c.objc; path = "MSSqliteDataBaseClient+SQLQueryString.m"; sourceTree = "<group>"; };
		6AD7BD4E1BC2CAED0098E1F0 /* SqliteCleanerV1.0.0.sql */ = {isa = PBXFileReference; fileEncoding = 4; lastKnownFileType = text; path = SqliteCleanerV1.0.0.sql; sourceTree = "<group>"; };
		6ADF5B231BC4CC3D00B41A7F /* MSChartDataItemAdapter.h */ = {isa = PBXFileReference; fileEncoding = 4; lastKnownFileType = sourcecode.c.h; path = MSChartDataItemAdapter.h; sourceTree = "<group>"; };
		6ADF5B241BC4CC3D00B41A7F /* MSChartDataItemAdapter.m */ = {isa = PBXFileReference; fileEncoding = 4; lastKnownFileType = sourcecode.c.objc; path = MSChartDataItemAdapter.m; sourceTree = "<group>"; };
		6AE69EE21BBE914500EB4CAD /* UILabel+MoneySaver.h */ = {isa = PBXFileReference; fileEncoding = 4; lastKnownFileType = sourcecode.c.h; path = "UILabel+MoneySaver.h"; sourceTree = "<group>"; };
		6AE69EE31BBE914500EB4CAD /* UILabel+MoneySaver.m */ = {isa = PBXFileReference; fileEncoding = 4; lastKnownFileType = sourcecode.c.objc; path = "UILabel+MoneySaver.m"; sourceTree = "<group>"; };
		6AF84D881BAFD6EA00B061A5 /* MSEncryptDatabaseQueue.h */ = {isa = PBXFileReference; fileEncoding = 4; lastKnownFileType = sourcecode.c.h; path = MSEncryptDatabaseQueue.h; sourceTree = "<group>"; };
		6AF84D891BAFD6EA00B061A5 /* MSEncryptDatabaseQueue.m */ = {isa = PBXFileReference; fileEncoding = 4; lastKnownFileType = sourcecode.c.objc; path = MSEncryptDatabaseQueue.m; sourceTree = "<group>"; };
		6AF84D8B1BAFD71000B061A5 /* MSEncryptDatabase.h */ = {isa = PBXFileReference; fileEncoding = 4; lastKnownFileType = sourcecode.c.h; path = MSEncryptDatabase.h; sourceTree = "<group>"; };
		6AF84D8C1BAFD71000B061A5 /* MSEncryptDatabase.m */ = {isa = PBXFileReference; fileEncoding = 4; lastKnownFileType = sourcecode.c.objc; path = MSEncryptDatabase.m; sourceTree = "<group>"; };
		6AF84D8E1BAFD75100B061A5 /* MSEncryptHelper.h */ = {isa = PBXFileReference; fileEncoding = 4; lastKnownFileType = sourcecode.c.h; path = MSEncryptHelper.h; sourceTree = "<group>"; };
		6AF84D8F1BAFD75100B061A5 /* MSEncryptHelper.m */ = {isa = PBXFileReference; fileEncoding = 4; lastKnownFileType = sourcecode.c.objc; path = MSEncryptHelper.m; sourceTree = "<group>"; };
		6AF84D9A1BAFF36800B061A5 /* ConfigureConstants.h */ = {isa = PBXFileReference; lastKnownFileType = sourcecode.c.h; path = ConfigureConstants.h; sourceTree = "<group>"; };
		6AF84D9C1BB0053000B061A5 /* MSBmobObjectAdapter.h */ = {isa = PBXFileReference; fileEncoding = 4; lastKnownFileType = sourcecode.c.h; path = MSBmobObjectAdapter.h; sourceTree = "<group>"; };
		6AF84D9D1BB0053000B061A5 /* MSBmobObjectAdapter.m */ = {isa = PBXFileReference; fileEncoding = 4; lastKnownFileType = sourcecode.c.objc; path = MSBmobObjectAdapter.m; sourceTree = "<group>"; };
		9B23B3F69596401F1FA10E7E /* Pods-MoneySaver.release.xcconfig */ = {isa = PBXFileReference; includeInIndex = 1; lastKnownFileType = text.xcconfig; name = "Pods-MoneySaver.release.xcconfig"; path = "Pods/Target Support Files/Pods-MoneySaver/Pods-MoneySaver.release.xcconfig"; sourceTree = "<group>"; };
/* End PBXFileReference section */

/* Begin PBXFrameworksBuildPhase section */
		6A692E921BB5AA8400AAA277 /* Frameworks */ = {
			isa = PBXFrameworksBuildPhase;
			buildActionMask = 2147483647;
			files = (
				6A692E971BB5AA8400AAA277 /* NotificationCenter.framework in Frameworks */,
			);
			runOnlyForDeploymentPostprocessing = 0;
		};
		6A9095A41BAF92D000672A05 /* Frameworks */ = {
			isa = PBXFrameworksBuildPhase;
			buildActionMask = 2147483647;
			files = (
				6AD7BD181BC155280098E1F0 /* LocalAuthentication.framework in Frameworks */,
				0474DC344D77E677CC7AEE49 /* libPods-MoneySaver.a in Frameworks */,
			);
			runOnlyForDeploymentPostprocessing = 0;
		};
/* End PBXFrameworksBuildPhase section */

/* Begin PBXGroup section */
		4F12BEF01A43030A5FDF9E52 /* Pods */ = {
			isa = PBXGroup;
			children = (
				1AD1E6C10112F55358EE6C12 /* Pods-MoneySaver.debug.xcconfig */,
				9B23B3F69596401F1FA10E7E /* Pods-MoneySaver.release.xcconfig */,
			);
			name = Pods;
			sourceTree = "<group>";
		};
		6A0A539C1BAFB848004AD688 /* Protocol */ = {
			isa = PBXGroup;
			children = (
				6AD7BD0C1BC118FD0098E1F0 /* MSBindViewModelProtocol.h */,
			);
			path = Protocol;
			sourceTree = "<group>";
		};
		6A0D527B1BBE5DDC00D651B7 /* ProjectEditor */ = {
			isa = PBXGroup;
			children = (
				6A0D528C1BBE88FA00D651B7 /* PrivateClass */,
				6A0D527C1BBE5DDC00D651B7 /* PrivateView */,
				6A0D52891BBE88A300D651B7 /* MSProjectEditorViewController.h */,
				6A0D528A1BBE88A300D651B7 /* MSProjectEditorViewController.m */,
			);
			path = ProjectEditor;
			sourceTree = "<group>";
		};
		6A0D527C1BBE5DDC00D651B7 /* PrivateView */ = {
			isa = PBXGroup;
			children = (
				6A0D527D1BBE5E0A00D651B7 /* MSProjectTypeCollectionViewCell.h */,
				6A0D527E1BBE5E0A00D651B7 /* MSProjectTypeCollectionViewCell.m */,
				6AD229B91BBFFC52004DC5FC /* MSProjectValueHeaderView.h */,
				6AD229BA1BBFFC52004DC5FC /* MSProjectValueHeaderView.m */,
			);
			path = PrivateView;
			sourceTree = "<group>";
		};
		6A0D528C1BBE88FA00D651B7 /* PrivateClass */ = {
			isa = PBXGroup;
			children = (
				6A0D528D1BBE891F00D651B7 /* MSProjectTypeListDataSource.h */,
				6A0D528E1BBE891F00D651B7 /* MSProjectTypeListDataSource.m */,
			);
			path = PrivateClass;
			sourceTree = "<group>";
		};
		6A29B4011BC3CBF0009B1B65 /* Vendors */ = {
			isa = PBXGroup;
			children = (
				6A29B4071BC3CC10009B1B65 /* Nimbus */,
			);
			path = Vendors;
			sourceTree = "<group>";
		};
		6A29B4071BC3CC10009B1B65 /* Nimbus */ = {
			isa = PBXGroup;
			children = (
				6A29B4081BC3CC10009B1B65 /* NIDebuggingTools.h */,
				6A29B4091BC3CC10009B1B65 /* NIDebuggingTools.m */,
				6A29B40A1BC3CC10009B1B65 /* NimbusKitBasics.h */,
			);
			path = Nimbus;
			sourceTree = "<group>";
		};
		6A3A523D1BB4FF3F00BA99A5 /* XNumberKeyBoard */ = {
			isa = PBXGroup;
			children = (
				6A3A523E1BB4FF6400BA99A5 /* MSNumberKeyBord.h */,
				6A3A523F1BB4FF6400BA99A5 /* MSNumberKeyBord.m */,
				6A3A52431BB4FFBC00BA99A5 /* MSNumberKeyBordButton.h */,
				6A3A52441BB4FFBC00BA99A5 /* MSNumberKeyBordButton.m */,
			);
			path = XNumberKeyBoard;
			sourceTree = "<group>";
		};
		6A4EF2401BC5093500679453 /* Class */ = {
			isa = PBXGroup;
			children = (
				6A4EF2411BC5093500679453 /* MSGlobalPropertyContainer.h */,
				6A4EF2421BC5093500679453 /* MSGlobalPropertyContainer.m */,
			);
			path = Class;
			sourceTree = "<group>";
		};
		6A68B1D51BAFB664009BA468 /* Manager */ = {
			isa = PBXGroup;
			children = (
				6A68B1C91BAFB4B3009BA468 /* MSProjectManagerViewModel.h */,
				6A68B1CA1BAFB4B3009BA468 /* MSProjectManagerViewModel.m */,
				6A68B1CF1BAFB4E3009BA468 /* MSMoneySourceManagerViewModel.h */,
				6A68B1D01BAFB4E3009BA468 /* MSMoneySourceManagerViewModel.m */,
			);
			name = Manager;
			sourceTree = "<group>";
		};
		6A692E981BB5AA8400AAA277 /* MoneySaverToday */ = {
			isa = PBXGroup;
			children = (
				6A692E991BB5AA8400AAA277 /* TodayViewController.h */,
				6A692E9A1BB5AA8400AAA277 /* TodayViewController.m */,
				6A692E9C1BB5AA8400AAA277 /* MainInterface.storyboard */,
				6A692E9F1BB5AA8400AAA277 /* Info.plist */,
			);
			path = MoneySaverToday;
			sourceTree = "<group>";
		};
		6A84044D1BB24C0200A89446 /* Views */ = {
			isa = PBXGroup;
			children = (
				6AAF992F1BBEC02A008D0805 /* MoneySaver+Views */,
				6A3A523D1BB4FF3F00BA99A5 /* XNumberKeyBoard */,
				6A84044E1BB24C2300A89446 /* XSubmitTransition */,
			);
			path = Views;
			sourceTree = "<group>";
		};
		6A84044E1BB24C2300A89446 /* XSubmitTransition */ = {
			isa = PBXGroup;
			children = (
				6A8404521BB24DCE00A89446 /* MSCircleLayer.h */,
				6A8404531BB24DCE00A89446 /* MSCircleLayer.m */,
				6A84044F1BB24C3000A89446 /* MSSubmitTransitionButton.h */,
				6A8404501BB24C3000A89446 /* MSSubmitTransitionButton.m */,
				6A8404551BB2523D00A89446 /* NSTimer+MSSubmitTransition.h */,
				6A8404561BB2523D00A89446 /* NSTimer+MSSubmitTransition.m */,
				6A84045B1BB27A5300A89446 /* MSFadeTransition.h */,
				6A84045C1BB27A5300A89446 /* MSFadeTransition.m */,
			);
			path = XSubmitTransition;
			sourceTree = "<group>";
		};
		6A84045F1BB285B900A89446 /* Controller */ = {
			isa = PBXGroup;
			children = (
				6AD7BD131BC153990098E1F0 /* SecurityView */,
				6A0D527B1BBE5DDC00D651B7 /* ProjectEditor */,
				6A8E18D71BB68CEB00B8F38C /* ProjectReport */,
				6A92B38A1BB3FA83001C7A87 /* MainInterface */,
				6A8404611BB285E500A89446 /* LoginRegister */,
				6A8404621BB2860200A89446 /* MSBaseClassViewController.h */,
				6A8404631BB2860200A89446 /* MSBaseClassViewController.m */,
				6A37398A1BC4C96600DFE9CD /* MSMainNavViewController.h */,
				6A37398B1BC4C96600DFE9CD /* MSMainNavViewController.m */,
				6A4EF2441BC5096E00679453 /* MSTestViewController.h */,
				6A4EF2451BC5096F00679453 /* MSTestViewController.m */,
			);
			path = Controller;
			sourceTree = "<group>";
		};
		6A8404611BB285E500A89446 /* LoginRegister */ = {
			isa = PBXGroup;
			children = (
				6A84046A1BB2898A00A89446 /* MSLoginMainViewController.h */,
				6A84046B1BB2898A00A89446 /* MSLoginMainViewController.m */,
			);
			path = LoginRegister;
			sourceTree = "<group>";
		};
		6A85D9961BAFB14C0049D988 /* Model */ = {
			isa = PBXGroup;
			children = (
				6A85D9971BAFB14C0049D988 /* MSAccountDataModel.h */,
				6A85D9981BAFB14C0049D988 /* MSAccountDataModel.m */,
				6A85D9991BAFB14C0049D988 /* MSBaseProjectModel.h */,
				6A85D99A1BAFB14C0049D988 /* MSBaseProjectModel.m */,
				6A85D99B1BAFB14C0049D988 /* MSMoneySourceModel.h */,
				6A85D99C1BAFB14C0049D988 /* MSMoneySourceModel.m */,
				6A692EA71BB6404100AAA277 /* MSBmobDataBojectModel.h */,
				6A692EA81BB6404100AAA277 /* MSBmobDataBojectModel.m */,
				6A29B40C1BC3CC8D009B1B65 /* MSSqliteQueryCondition.h */,
				6A29B40D1BC3CC8D009B1B65 /* MSSqliteQueryCondition.m */,
			);
			path = Model;
			sourceTree = "<group>";
		};
		6A85D9A01BAFB15D0049D988 /* ViewModel */ = {
			isa = PBXGroup;
			children = (
				6A85D9A11BAFB1850049D988 /* MSBaseClassViewModel.h */,
				6A85D9A21BAFB1850049D988 /* MSBaseClassViewModel.m */,
				6A68B1CC1BAFB4C5009BA468 /* MSAccountViewModel.h */,
				6A68B1CD1BAFB4C5009BA468 /* MSAccountViewModel.m */,
				6A0A539E1BAFB8C8004AD688 /* MSProjectViewModel.h */,
				6A0A539F1BAFB8C8004AD688 /* MSProjectViewModel.m */,
				6A0A53A11BAFB8E3004AD688 /* MSMoneySourceViewModel.h */,
				6A0A53A21BAFB8E3004AD688 /* MSMoneySourceViewModel.m */,
				6A68B1D51BAFB664009BA468 /* Manager */,
			);
			path = ViewModel;
			sourceTree = "<group>";
		};
		6A894CC31BBB8290009A7120 /* PrivateView */ = {
			isa = PBXGroup;
			children = (
				6A894CC41BBB8290009A7120 /* MSProjectListHeaderView.h */,
				6A894CC51BBB8290009A7120 /* MSProjectListHeaderView.m */,
				6A894CC61BBB8290009A7120 /* MSProjectListTableViewCell.h */,
				6A894CC71BBB8290009A7120 /* MSProjectListTableViewCell.m */,
				6A894CC81BBB8290009A7120 /* MSProjectListTableViewCellTypeView.h */,
				6A894CC91BBB8290009A7120 /* MSProjectListTableViewCellTypeView.m */,
			);
			path = PrivateView;
			sourceTree = "<group>";
		};
		6A8E18D71BB68CEB00B8F38C /* ProjectReport */ = {
			isa = PBXGroup;
			children = (
				6A894CC31BBB8290009A7120 /* PrivateView */,
				6AD7BD1D1BC223490098E1F0 /* MSProjectReportViewController.h */,
				6AD7BD1E1BC223490098E1F0 /* MSProjectReportViewController.m */,
			);
			path = ProjectReport;
			sourceTree = "<group>";
		};
		6A90959E1BAF92D000672A05 = {
			isa = PBXGroup;
			children = (
				6A9095A91BAF92D000672A05 /* MoneySaver */,
				6A692E981BB5AA8400AAA277 /* MoneySaverToday */,
				6A9095A81BAF92D000672A05 /* Products */,
				4F12BEF01A43030A5FDF9E52 /* Pods */,
				B213BCB2A07FBF95C8BDA9A4 /* Frameworks */,
			);
			sourceTree = "<group>";
		};
		6A9095A81BAF92D000672A05 /* Products */ = {
			isa = PBXGroup;
			children = (
				6A9095A71BAF92D000672A05 /* MoneySaver.app */,
				6A692E951BB5AA8400AAA277 /* MoneySaverToday.appex */,
			);
			name = Products;
			sourceTree = "<group>";
		};
		6A9095A91BAF92D000672A05 /* MoneySaver */ = {
			isa = PBXGroup;
			children = (
				6A9095C21BAF96C000672A05 /* Model */,
				6A84045F1BB285B900A89446 /* Controller */,
				6A84044D1BB24C0200A89446 /* Views */,
				6AF84D9B1BB0050500B061A5 /* Helper */,
				6A9095BE1BAF96C000672A05 /* Client */,
				6A9095BF1BAF96C000672A05 /* Constants */,
				6A9095C11BAF96C000672A05 /* General */,
				6A9095BB1BAF933600672A05 /* Resource */,
				6A29B4011BC3CBF0009B1B65 /* Vendors */,
				6A9095AA1BAF92D000672A05 /* Supporting Files */,
			);
			path = MoneySaver;
			sourceTree = "<group>";
		};
		6A9095AA1BAF92D000672A05 /* Supporting Files */ = {
			isa = PBXGroup;
			children = (
				6A8404411BB0F67100A89446 /* MSPCH.pch */,
				6A9095AD1BAF92D000672A05 /* MSAppDelegate.h */,
				6A9095AE1BAF92D000672A05 /* MSAppDelegate.m */,
				6A9095B51BAF92D000672A05 /* Info.plist */,
				6A9095AB1BAF92D000672A05 /* main.m */,
			);
			name = "Supporting Files";
			sourceTree = "<group>";
		};
		6A9095BB1BAF933600672A05 /* Resource */ = {
			isa = PBXGroup;
			children = (
				6A9095BC1BAF933600672A05 /* Assets.xcassets */,
				6AD7BD0A1BC112FC0098E1F0 /* LaunchScreen.storyboard */,
			);
			path = Resource;
			sourceTree = "<group>";
		};
		6A9095BE1BAF96C000672A05 /* Client */ = {
			isa = PBXGroup;
			children = (
				6A550C0C1BC3A5E200AA01A5 /* MSDataOperationType.h */,
				6A0A53991BAFB7F2004AD688 /* MSWebDataClient.h */,
				6A0A539A1BAFB7F2004AD688 /* MSWebDataClient.m */,
				6A68B1D21BAFB545009BA468 /* MSSqliteDataBaseClient.h */,
				6A68B1D31BAFB545009BA468 /* MSSqliteDataBaseClient.m */,
				6AD7BD4B1BC2CA3F0098E1F0 /* MSSqliteDataBaseClient+SQLQueryString.h */,
				6AD7BD4C1BC2CA3F0098E1F0 /* MSSqliteDataBaseClient+SQLQueryString.m */,
				6A68B1D61BAFB73A009BA468 /* SqliteCreaterV1.0.0.sql */,
				6AD7BD4E1BC2CAED0098E1F0 /* SqliteCleanerV1.0.0.sql */,
			);
			path = Client;
			sourceTree = "<group>";
		};
		6A9095BF1BAF96C000672A05 /* Constants */ = {
			isa = PBXGroup;
			children = (
				6A3A52461BB51F8F00BA99A5 /* Macro.h */,
				6AF84D9A1BAFF36800B061A5 /* ConfigureConstants.h */,
				6A8404421BB0FE5500A89446 /* DefaultConstants.h */,
				6A8404431BB0FE5500A89446 /* DefaultConstants.m */,
				6A8404451BB1049300A89446 /* WebClientConstants.h */,
				6A8404461BB1049300A89446 /* WebClientConstants.m */,
			);
			path = Constants;
			sourceTree = "<group>";
		};
		6A9095C11BAF96C000672A05 /* General */ = {
			isa = PBXGroup;
			children = (
				6A4EF2401BC5093500679453 /* Class */,
				6A92B3861BB3F55A001C7A87 /* Category */,
				6AF84D871BAFD6C300B061A5 /* DatabaseEncrypt */,
				6A0A539C1BAFB848004AD688 /* Protocol */,
			);
			path = General;
			sourceTree = "<group>";
		};
		6A9095C21BAF96C000672A05 /* Model */ = {
			isa = PBXGroup;
			children = (
				6A85D9A01BAFB15D0049D988 /* ViewModel */,
				6A85D9961BAFB14C0049D988 /* Model */,
			);
			path = Model;
			sourceTree = "<group>";
		};
		6A92B3861BB3F55A001C7A87 /* Category */ = {
			isa = PBXGroup;
			children = (
				6AAF992E1BBEBD67008D0805 /* MoneySaver+Category */,
				6A550C0D1BC3B12900AA01A5 /* NSDictionary+DeleteNull.h */,
				6A550C0E1BC3B12900AA01A5 /* NSDictionary+DeleteNull.m */,
				6A3A52501BB5200000BA99A5 /* NSDateFormatter+DefaultFormatter.h */,
				6A3A52511BB5200000BA99A5 /* NSDateFormatter+DefaultFormatter.m */,
				6A3A524D1BB51FF500BA99A5 /* RACChannelTerminal+TwoWayBinding.h */,
				6A3A524E1BB51FF500BA99A5 /* RACChannelTerminal+TwoWayBinding.m */,
				6A3A524A1BB51FE900BA99A5 /* UIDevice+XDevice.h */,
				6A3A524B1BB51FE900BA99A5 /* UIDevice+XDevice.m */,
				6A3A52471BB51FDF00BA99A5 /* UIView+Frame.h */,
				6A3A52481BB51FDF00BA99A5 /* UIView+Frame.m */,
				6A29B4121BC3D759009B1B65 /* NSString+XValueCheck.h */,
				6A29B4131BC3D759009B1B65 /* NSString+XValueCheck.m */,
			);
			path = Category;
			sourceTree = "<group>";
		};
		6A92B38A1BB3FA83001C7A87 /* MainInterface */ = {
			isa = PBXGroup;
			children = (
				6A92B38B1BB3FA9B001C7A87 /* MSMainViewController.h */,
				6A92B38C1BB3FA9B001C7A87 /* MSMainViewController.m */,
			);
			path = MainInterface;
			sourceTree = "<group>";
		};
		6AAF992E1BBEBD67008D0805 /* MoneySaver+Category */ = {
			isa = PBXGroup;
			children = (
				6A92B3871BB3F568001C7A87 /* UIColor+MoneySaver.h */,
				6A92B3881BB3F568001C7A87 /* UIColor+MoneySaver.m */,
				6A0D52801BBE609F00D651B7 /* UIImageView+MoneySaver.h */,
				6A0D52811BBE609F00D651B7 /* UIImageView+MoneySaver.m */,
				6AE69EE21BBE914500EB4CAD /* UILabel+MoneySaver.h */,
				6AE69EE31BBE914500EB4CAD /* UILabel+MoneySaver.m */,
				6AAF992B1BBEB61B008D0805 /* UIImage+MoneySaver.h */,
				6AAF992C1BBEB61B008D0805 /* UIImage+MoneySaver.m */,
			);
			name = "MoneySaver+Category";
			sourceTree = "<group>";
		};
		6AAF992F1BBEC02A008D0805 /* MoneySaver+Views */ = {
			isa = PBXGroup;
			children = (
				6AAF99301BBEC038008D0805 /* MSBarButtonItem.h */,
				6AAF99311BBEC038008D0805 /* MSBarButtonItem.m */,
			);
			path = "MoneySaver+Views";
			sourceTree = "<group>";
		};
		6AD7BD131BC153990098E1F0 /* SecurityView */ = {
			isa = PBXGroup;
			children = (
			);
			path = SecurityView;
			sourceTree = "<group>";
		};
		6AF84D871BAFD6C300B061A5 /* DatabaseEncrypt */ = {
			isa = PBXGroup;
			children = (
				6AF84D8B1BAFD71000B061A5 /* MSEncryptDatabase.h */,
				6AF84D8C1BAFD71000B061A5 /* MSEncryptDatabase.m */,
				6AF84D881BAFD6EA00B061A5 /* MSEncryptDatabaseQueue.h */,
				6AF84D891BAFD6EA00B061A5 /* MSEncryptDatabaseQueue.m */,
				6AF84D8E1BAFD75100B061A5 /* MSEncryptHelper.h */,
				6AF84D8F1BAFD75100B061A5 /* MSEncryptHelper.m */,
			);
			path = DatabaseEncrypt;
			sourceTree = "<group>";
		};
		6AF84D9B1BB0050500B061A5 /* Helper */ = {
			isa = PBXGroup;
			children = (
				6AF84D9C1BB0053000B061A5 /* MSBmobObjectAdapter.h */,
				6AF84D9D1BB0053000B061A5 /* MSBmobObjectAdapter.m */,
				6ADF5B231BC4CC3D00B41A7F /* MSChartDataItemAdapter.h */,
				6ADF5B241BC4CC3D00B41A7F /* MSChartDataItemAdapter.m */,
				6A0D52831BBE60E500D651B7 /* MSProjectModelTypeHelper.h */,
				6A0D52841BBE60E500D651B7 /* MSProjectModelTypeHelper.m */,
				6A0D52861BBE616300D651B7 /* MSProjectTransactionTypeHelper.h */,
				6A0D52871BBE616300D651B7 /* MSProjectTransactionTypeHelper.m */,
				6A550C101BC3C2EB00AA01A5 /* MSWebDateSyncClient.h */,
				6A550C111BC3C2EB00AA01A5 /* MSWebDateSyncClient.m */,
			);
			path = Helper;
			sourceTree = "<group>";
		};
		B213BCB2A07FBF95C8BDA9A4 /* Frameworks */ = {
			isa = PBXGroup;
			children = (
				6AD7BD171BC155280098E1F0 /* LocalAuthentication.framework */,
				0FC39D14C939FE7DCC37D7C3 /* libPods-MoneySaver.a */,
				6A692E961BB5AA8400AAA277 /* NotificationCenter.framework */,
			);
			name = Frameworks;
			sourceTree = "<group>";
		};
/* End PBXGroup section */

/* Begin PBXNativeTarget section */
		6A692E941BB5AA8400AAA277 /* MoneySaverToday */ = {
			isa = PBXNativeTarget;
			buildConfigurationList = 6A692EA31BB5AA8500AAA277 /* Build configuration list for PBXNativeTarget "MoneySaverToday" */;
			buildPhases = (
				6A692E911BB5AA8400AAA277 /* Sources */,
				6A692E921BB5AA8400AAA277 /* Frameworks */,
				6A692E931BB5AA8400AAA277 /* Resources */,
			);
			buildRules = (
			);
			dependencies = (
			);
			name = MoneySaverToday;
			productName = MoneySaverToday;
			productReference = 6A692E951BB5AA8400AAA277 /* MoneySaverToday.appex */;
			productType = "com.apple.product-type.app-extension";
		};
		6A9095A61BAF92D000672A05 /* MoneySaver */ = {
			isa = PBXNativeTarget;
			buildConfigurationList = 6A9095B81BAF92D000672A05 /* Build configuration list for PBXNativeTarget "MoneySaver" */;
			buildPhases = (
				23040B1C5DCFE5E5F3E2C6AF /* Check Pods Manifest.lock */,
				6A9095A31BAF92D000672A05 /* Sources */,
				6A9095A41BAF92D000672A05 /* Frameworks */,
				6A9095A51BAF92D000672A05 /* Resources */,
				6F6C1892EBC0456FD30E0084 /* Copy Pods Resources */,
				6A692E901BB5AA4700AAA277 /* Embed Watch Content */,
				6A692EA61BB5AA8500AAA277 /* Embed App Extensions */,
			);
			buildRules = (
			);
			dependencies = (
				6A692EA11BB5AA8400AAA277 /* PBXTargetDependency */,
			);
			name = MoneySaver;
			productName = MoneySaver;
			productReference = 6A9095A71BAF92D000672A05 /* MoneySaver.app */;
			productType = "com.apple.product-type.application";
		};
/* End PBXNativeTarget section */

/* Begin PBXProject section */
		6A90959F1BAF92D000672A05 /* Project object */ = {
			isa = PBXProject;
			attributes = {
				CLASSPREFIX = MS;
				LastUpgradeCheck = 0700;
				ORGANIZATIONNAME = TBXark;
				TargetAttributes = {
					6A692E941BB5AA8400AAA277 = {
						CreatedOnToolsVersion = 7.0;
					};
					6A9095A61BAF92D000672A05 = {
						CreatedOnToolsVersion = 7.0;
					};
				};
			};
			buildConfigurationList = 6A9095A21BAF92D000672A05 /* Build configuration list for PBXProject "MoneySaver" */;
			compatibilityVersion = "Xcode 3.2";
			developmentRegion = English;
			hasScannedForEncodings = 0;
			knownRegions = (
				en,
				Base,
			);
			mainGroup = 6A90959E1BAF92D000672A05;
			productRefGroup = 6A9095A81BAF92D000672A05 /* Products */;
			projectDirPath = "";
			projectRoot = "";
			targets = (
				6A9095A61BAF92D000672A05 /* MoneySaver */,
				6A692E941BB5AA8400AAA277 /* MoneySaverToday */,
			);
		};
/* End PBXProject section */

/* Begin PBXResourcesBuildPhase section */
		6A692E931BB5AA8400AAA277 /* Resources */ = {
			isa = PBXResourcesBuildPhase;
			buildActionMask = 2147483647;
			files = (
				6A692E9E1BB5AA8400AAA277 /* MainInterface.storyboard in Resources */,
			);
			runOnlyForDeploymentPostprocessing = 0;
		};
		6A9095A51BAF92D000672A05 /* Resources */ = {
			isa = PBXResourcesBuildPhase;
			buildActionMask = 2147483647;
			files = (
				6AD7BD4F1BC2CAED0098E1F0 /* SqliteCleanerV1.0.0.sql in Resources */,
				6AD7BD0B1BC112FC0098E1F0 /* LaunchScreen.storyboard in Resources */,
				6A84045E1BB282E800A89446 /* Assets.xcassets in Resources */,
				6A68B1D71BAFB73A009BA468 /* SqliteCreaterV1.0.0.sql in Resources */,
			);
			runOnlyForDeploymentPostprocessing = 0;
		};
/* End PBXResourcesBuildPhase section */

/* Begin PBXShellScriptBuildPhase section */
		23040B1C5DCFE5E5F3E2C6AF /* Check Pods Manifest.lock */ = {
			isa = PBXShellScriptBuildPhase;
			buildActionMask = 2147483647;
			files = (
			);
			inputPaths = (
			);
			name = "Check Pods Manifest.lock";
			outputPaths = (
			);
			runOnlyForDeploymentPostprocessing = 0;
			shellPath = /bin/sh;
			shellScript = "diff \"${PODS_ROOT}/../Podfile.lock\" \"${PODS_ROOT}/Manifest.lock\" > /dev/null\nif [[ $? != 0 ]] ; then\n    cat << EOM\nerror: The sandbox is not in sync with the Podfile.lock. Run 'pod install' or update your CocoaPods installation.\nEOM\n    exit 1\nfi\n";
			showEnvVarsInLog = 0;
		};
		6F6C1892EBC0456FD30E0084 /* Copy Pods Resources */ = {
			isa = PBXShellScriptBuildPhase;
			buildActionMask = 2147483647;
			files = (
			);
			inputPaths = (
			);
			name = "Copy Pods Resources";
			outputPaths = (
			);
			runOnlyForDeploymentPostprocessing = 0;
			shellPath = /bin/sh;
			shellScript = "\"${SRCROOT}/Pods/Target Support Files/Pods-MoneySaver/Pods-MoneySaver-resources.sh\"\n";
			showEnvVarsInLog = 0;
		};
/* End PBXShellScriptBuildPhase section */

/* Begin PBXSourcesBuildPhase section */
		6A692E911BB5AA8400AAA277 /* Sources */ = {
			isa = PBXSourcesBuildPhase;
			buildActionMask = 2147483647;
			files = (
				6A692E9B1BB5AA8400AAA277 /* TodayViewController.m in Sources */,
			);
			runOnlyForDeploymentPostprocessing = 0;
		};
		6A9095A31BAF92D000672A05 /* Sources */ = {
			isa = PBXSourcesBuildPhase;
			buildActionMask = 2147483647;
			files = (
				6A0D528F1BBE891F00D651B7 /* MSProjectTypeListDataSource.m in Sources */,
				6A0D52851BBE60E500D651B7 /* MSProjectModelTypeHelper.m in Sources */,
				6AAF99321BBEC038008D0805 /* MSBarButtonItem.m in Sources */,
				6A550C0F1BC3B12900AA01A5 /* NSDictionary+DeleteNull.m in Sources */,
				6A4EF2461BC5096F00679453 /* MSTestViewController.m in Sources */,
				6A692EA91BB6404100AAA277 /* MSBmobDataBojectModel.m in Sources */,
				6A3A52491BB51FDF00BA99A5 /* UIView+Frame.m in Sources */,
				6A84046C1BB2898A00A89446 /* MSLoginMainViewController.m in Sources */,
				6A29B4141BC3D759009B1B65 /* NSString+XValueCheck.m in Sources */,
				6A4EF2431BC5093500679453 /* MSGlobalPropertyContainer.m in Sources */,
				6A0D527F1BBE5E0A00D651B7 /* MSProjectTypeCollectionViewCell.m in Sources */,
				6AE69EE41BBE914500EB4CAD /* UILabel+MoneySaver.m in Sources */,
				6A8404511BB24C3000A89446 /* MSSubmitTransitionButton.m in Sources */,
				6A3A52451BB4FFBC00BA99A5 /* MSNumberKeyBordButton.m in Sources */,
				6A3A524F1BB51FF500BA99A5 /* RACChannelTerminal+TwoWayBinding.m in Sources */,
				6A3A52401BB4FF6400BA99A5 /* MSNumberKeyBord.m in Sources */,
				6A8404571BB2523D00A89446 /* NSTimer+MSSubmitTransition.m in Sources */,
				6A8404641BB2860200A89446 /* MSBaseClassViewController.m in Sources */,
				6A29B40E1BC3CC8D009B1B65 /* MSSqliteQueryCondition.m in Sources */,
				6A68B1CB1BAFB4B3009BA468 /* MSProjectManagerViewModel.m in Sources */,
				6A85D99D1BAFB14C0049D988 /* MSAccountDataModel.m in Sources */,
				6AAF992D1BBEB61B008D0805 /* UIImage+MoneySaver.m in Sources */,
				6A0A539B1BAFB7F2004AD688 /* MSWebDataClient.m in Sources */,
				6A3A52521BB5200000BA99A5 /* NSDateFormatter+DefaultFormatter.m in Sources */,
				6A9095AF1BAF92D000672A05 /* MSAppDelegate.m in Sources */,
				6A92B38D1BB3FA9B001C7A87 /* MSMainViewController.m in Sources */,
				6AF84D901BAFD75100B061A5 /* MSEncryptHelper.m in Sources */,
				6A550C121BC3C2EB00AA01A5 /* MSWebDateSyncClient.m in Sources */,
				6A0D52821BBE609F00D651B7 /* UIImageView+MoneySaver.m in Sources */,
				6A3A524C1BB51FE900BA99A5 /* UIDevice+XDevice.m in Sources */,
				6A8404471BB1049300A89446 /* WebClientConstants.m in Sources */,
				6A0D52881BBE616300D651B7 /* MSProjectTransactionTypeHelper.m in Sources */,
				6A85D9A31BAFB1850049D988 /* MSBaseClassViewModel.m in Sources */,
				6AF84D8A1BAFD6EA00B061A5 /* MSEncryptDatabaseQueue.m in Sources */,
				6AD229BB1BBFFC52004DC5FC /* MSProjectValueHeaderView.m in Sources */,
				6A8404441BB0FE5500A89446 /* DefaultConstants.m in Sources */,
				6A9095AC1BAF92D000672A05 /* main.m in Sources */,
				6A894CCC1BBB8290009A7120 /* MSProjectListTableViewCellTypeView.m in Sources */,
				6A29B40B1BC3CC10009B1B65 /* NIDebuggingTools.m in Sources */,
				6A894CCA1BBB8290009A7120 /* MSProjectListHeaderView.m in Sources */,
				6A8404541BB24DCE00A89446 /* MSCircleLayer.m in Sources */,
				6A0A53A31BAFB8E3004AD688 /* MSMoneySourceViewModel.m in Sources */,
				6A894CCB1BBB8290009A7120 /* MSProjectListTableViewCell.m in Sources */,
				6AF84D8D1BAFD71000B061A5 /* MSEncryptDatabase.m in Sources */,
				6AD7BD4D1BC2CA3F0098E1F0 /* MSSqliteDataBaseClient+SQLQueryString.m in Sources */,
				6A37398C1BC4C96600DFE9CD /* MSMainNavViewController.m in Sources */,
				6ADF5B251BC4CC3D00B41A7F /* MSChartDataItemAdapter.m in Sources */,
				6A68B1D11BAFB4E3009BA468 /* MSMoneySourceManagerViewModel.m in Sources */,
				6A92B3891BB3F568001C7A87 /* UIColor+MoneySaver.m in Sources */,
				6A85D99E1BAFB14C0049D988 /* MSBaseProjectModel.m in Sources */,
				6A68B1D41BAFB545009BA468 /* MSSqliteDataBaseClient.m in Sources */,
				6AF84D9E1BB0053000B061A5 /* MSBmobObjectAdapter.m in Sources */,
				6A0D528B1BBE88A300D651B7 /* MSProjectEditorViewController.m in Sources */,
				6A68B1CE1BAFB4C5009BA468 /* MSAccountViewModel.m in Sources */,
				6AD7BD1F1BC223490098E1F0 /* MSProjectReportViewController.m in Sources */,
				6A85D99F1BAFB14C0049D988 /* MSMoneySourceModel.m in Sources */,
				6A84045D1BB27A5300A89446 /* MSFadeTransition.m in Sources */,
				6A0A53A01BAFB8C8004AD688 /* MSProjectViewModel.m in Sources */,
			);
			runOnlyForDeploymentPostprocessing = 0;
		};
/* End PBXSourcesBuildPhase section */

/* Begin PBXTargetDependency section */
		6A692EA11BB5AA8400AAA277 /* PBXTargetDependency */ = {
			isa = PBXTargetDependency;
			target = 6A692E941BB5AA8400AAA277 /* MoneySaverToday */;
			targetProxy = 6A692EA01BB5AA8400AAA277 /* PBXContainerItemProxy */;
		};
/* End PBXTargetDependency section */

/* Begin PBXVariantGroup section */
		6A692E9C1BB5AA8400AAA277 /* MainInterface.storyboard */ = {
			isa = PBXVariantGroup;
			children = (
				6A692E9D1BB5AA8400AAA277 /* Base */,
			);
			name = MainInterface.storyboard;
			sourceTree = "<group>";
		};
/* End PBXVariantGroup section */

/* Begin XCBuildConfiguration section */
		6A692EA41BB5AA8500AAA277 /* Debug */ = {
			isa = XCBuildConfiguration;
			buildSettings = {
				INFOPLIST_FILE = MoneySaverToday/Info.plist;
				IPHONEOS_DEPLOYMENT_TARGET = 8.0;
				LD_RUNPATH_SEARCH_PATHS = "$(inherited) @executable_path/Frameworks @executable_path/../../Frameworks";
				PRODUCT_BUNDLE_IDENTIFIER = com.TBXark.MoneySaver.MoneySaverToday;
				PRODUCT_NAME = "$(TARGET_NAME)";
				SKIP_INSTALL = YES;
			};
			name = Debug;
		};
		6A692EA51BB5AA8500AAA277 /* Release */ = {
			isa = XCBuildConfiguration;
			buildSettings = {
				INFOPLIST_FILE = MoneySaverToday/Info.plist;
				IPHONEOS_DEPLOYMENT_TARGET = 8.0;
				LD_RUNPATH_SEARCH_PATHS = "$(inherited) @executable_path/Frameworks @executable_path/../../Frameworks";
				PRODUCT_BUNDLE_IDENTIFIER = com.TBXark.MoneySaver.MoneySaverToday;
				PRODUCT_NAME = "$(TARGET_NAME)";
				SKIP_INSTALL = YES;
			};
			name = Release;
		};
		6A9095B61BAF92D000672A05 /* Debug */ = {
			isa = XCBuildConfiguration;
			buildSettings = {
				ALWAYS_SEARCH_USER_PATHS = NO;
				CLANG_CXX_LANGUAGE_STANDARD = "gnu++0x";
				CLANG_CXX_LIBRARY = "libc++";
				CLANG_ENABLE_MODULES = YES;
				CLANG_ENABLE_OBJC_ARC = YES;
				CLANG_WARN_BOOL_CONVERSION = YES;
				CLANG_WARN_CONSTANT_CONVERSION = YES;
				CLANG_WARN_DIRECT_OBJC_ISA_USAGE = YES_ERROR;
				CLANG_WARN_EMPTY_BODY = YES;
				CLANG_WARN_ENUM_CONVERSION = YES;
				CLANG_WARN_INT_CONVERSION = YES;
				CLANG_WARN_OBJC_ROOT_CLASS = YES_ERROR;
				CLANG_WARN_UNREACHABLE_CODE = YES;
				CLANG_WARN__DUPLICATE_METHOD_MATCH = YES;
				"CODE_SIGN_IDENTITY[sdk=iphoneos*]" = "iPhone Developer";
				COPY_PHASE_STRIP = NO;
				DEBUG_INFORMATION_FORMAT = dwarf;
				ENABLE_STRICT_OBJC_MSGSEND = YES;
				ENABLE_TESTABILITY = YES;
				GCC_C_LANGUAGE_STANDARD = gnu99;
				GCC_DYNAMIC_NO_PIC = NO;
				GCC_NO_COMMON_BLOCKS = YES;
				GCC_OPTIMIZATION_LEVEL = 0;
				GCC_PREPROCESSOR_DEFINITIONS = (
					"DEBUG=1",
					"$(inherited)",
				);
				GCC_WARN_64_TO_32_BIT_CONVERSION = YES;
				GCC_WARN_ABOUT_RETURN_TYPE = YES_ERROR;
				GCC_WARN_UNDECLARED_SELECTOR = YES;
				GCC_WARN_UNINITIALIZED_AUTOS = YES_AGGRESSIVE;
				GCC_WARN_UNUSED_FUNCTION = YES;
				GCC_WARN_UNUSED_VARIABLE = YES;
				IPHONEOS_DEPLOYMENT_TARGET = 9.0;
				MTL_ENABLE_DEBUG_INFO = YES;
				ONLY_ACTIVE_ARCH = YES;
				SDKROOT = iphoneos;
				TARGETED_DEVICE_FAMILY = "1,2";
			};
			name = Debug;
		};
		6A9095B71BAF92D000672A05 /* Release */ = {
			isa = XCBuildConfiguration;
			buildSettings = {
				ALWAYS_SEARCH_USER_PATHS = NO;
				CLANG_CXX_LANGUAGE_STANDARD = "gnu++0x";
				CLANG_CXX_LIBRARY = "libc++";
				CLANG_ENABLE_MODULES = YES;
				CLANG_ENABLE_OBJC_ARC = YES;
				CLANG_WARN_BOOL_CONVERSION = YES;
				CLANG_WARN_CONSTANT_CONVERSION = YES;
				CLANG_WARN_DIRECT_OBJC_ISA_USAGE = YES_ERROR;
				CLANG_WARN_EMPTY_BODY = YES;
				CLANG_WARN_ENUM_CONVERSION = YES;
				CLANG_WARN_INT_CONVERSION = YES;
				CLANG_WARN_OBJC_ROOT_CLASS = YES_ERROR;
				CLANG_WARN_UNREACHABLE_CODE = YES;
				CLANG_WARN__DUPLICATE_METHOD_MATCH = YES;
				"CODE_SIGN_IDENTITY[sdk=iphoneos*]" = "iPhone Developer";
				COPY_PHASE_STRIP = NO;
				DEBUG_INFORMATION_FORMAT = "dwarf-with-dsym";
				ENABLE_NS_ASSERTIONS = NO;
				ENABLE_STRICT_OBJC_MSGSEND = YES;
				GCC_C_LANGUAGE_STANDARD = gnu99;
				GCC_NO_COMMON_BLOCKS = YES;
				GCC_WARN_64_TO_32_BIT_CONVERSION = YES;
				GCC_WARN_ABOUT_RETURN_TYPE = YES_ERROR;
				GCC_WARN_UNDECLARED_SELECTOR = YES;
				GCC_WARN_UNINITIALIZED_AUTOS = YES_AGGRESSIVE;
				GCC_WARN_UNUSED_FUNCTION = YES;
				GCC_WARN_UNUSED_VARIABLE = YES;
				IPHONEOS_DEPLOYMENT_TARGET = 9.0;
				MTL_ENABLE_DEBUG_INFO = NO;
				SDKROOT = iphoneos;
				TARGETED_DEVICE_FAMILY = "1,2";
				VALIDATE_PRODUCT = YES;
			};
			name = Release;
		};
		6A9095B91BAF92D000672A05 /* Debug */ = {
			isa = XCBuildConfiguration;
			baseConfigurationReference = 1AD1E6C10112F55358EE6C12 /* Pods-MoneySaver.debug.xcconfig */;
			buildSettings = {
				ASSETCATALOG_COMPILER_APPICON_NAME = AppIcon;
				ENABLE_BITCODE = NO;
				GCC_PRECOMPILE_PREFIX_HEADER = YES;
				GCC_PREFIX_HEADER = $PROJECT_DIR/$PROJECT_NAME/MSPCH.pch;
				INFOPLIST_FILE = MoneySaver/Info.plist;
				IPHONEOS_DEPLOYMENT_TARGET = 8.0;
				LD_RUNPATH_SEARCH_PATHS = "$(inherited) @executable_path/Frameworks";
				PRODUCT_BUNDLE_IDENTIFIER = com.TBXark.MoneySaver;
				PRODUCT_NAME = "$(TARGET_NAME)";
				TARGETED_DEVICE_FAMILY = 1;
			};
			name = Debug;
		};
		6A9095BA1BAF92D000672A05 /* Release */ = {
			isa = XCBuildConfiguration;
			baseConfigurationReference = 9B23B3F69596401F1FA10E7E /* Pods-MoneySaver.release.xcconfig */;
			buildSettings = {
				ASSETCATALOG_COMPILER_APPICON_NAME = AppIcon;
				ENABLE_BITCODE = NO;
				GCC_PRECOMPILE_PREFIX_HEADER = YES;
				GCC_PREFIX_HEADER = $PROJECT_DIR/$PROJECT_NAME/MSPCH.pch;
				INFOPLIST_FILE = MoneySaver/Info.plist;
				IPHONEOS_DEPLOYMENT_TARGET = 8.0;
				LD_RUNPATH_SEARCH_PATHS = "$(inherited) @executable_path/Frameworks";
				PRODUCT_BUNDLE_IDENTIFIER = com.TBXark.MoneySaver;
				PRODUCT_NAME = "$(TARGET_NAME)";
				TARGETED_DEVICE_FAMILY = 1;
			};
			name = Release;
		};
/* End XCBuildConfiguration section */

/* Begin XCConfigurationList section */
		6A692EA31BB5AA8500AAA277 /* Build configuration list for PBXNativeTarget "MoneySaverToday" */ = {
			isa = XCConfigurationList;
			buildConfigurations = (
				6A692EA41BB5AA8500AAA277 /* Debug */,
				6A692EA51BB5AA8500AAA277 /* Release */,
			);
			defaultConfigurationIsVisible = 0;
			defaultConfigurationName = Release;
		};
		6A9095A21BAF92D000672A05 /* Build configuration list for PBXProject "MoneySaver" */ = {
			isa = XCConfigurationList;
			buildConfigurations = (
				6A9095B61BAF92D000672A05 /* Debug */,
				6A9095B71BAF92D000672A05 /* Release */,
			);
			defaultConfigurationIsVisible = 0;
			defaultConfigurationName = Release;
		};
		6A9095B81BAF92D000672A05 /* Build configuration list for PBXNativeTarget "MoneySaver" */ = {
			isa = XCConfigurationList;
			buildConfigurations = (
				6A9095B91BAF92D000672A05 /* Debug */,
				6A9095BA1BAF92D000672A05 /* Release */,
			);
			defaultConfigurationIsVisible = 0;
			defaultConfigurationName = Release;
		};
/* End XCConfigurationList section */
	};
	rootObject = 6A90959F1BAF92D000672A05 /* Project object */;
}
